
Microsoft Visual Studio Solution File, Format Version 12.00
# Visual Studio Version 16
VisualStudioVersion = 16.0.31424.327
MinimumVisualStudioVersion = 10.0.40219.1
Project("{FAE04EC0-301F-11D3-BF4B-00C04F79EFBC}") = "week07", "week07\week07.csproj", "{4E39A34C-E9C3-4222-A2A6-C38BAA58A25C}"
EndProject
Global
	GlobalSection(SolutionConfigurationPlatforms) = preSolution
		Debug|Any CPU = Debug|Any CPU
		Release|Any CPU = Release|Any CPU
	EndGlobalSection
	GlobalSection(ProjectConfigurationPlatforms) = postSolution
		{4E39A34C-E9C3-4222-A2A6-C38BAA58A25C}.Debug|Any CPU.ActiveCfg = Debug|Any CPU
		{4E39A34C-E9C3-4222-A2A6-C38BAA58A25C}.Debug|Any CPU.Build.0 = Debug|Any CPU
		{4E39A34C-E9C3-4222-A2A6-C38BAA58A25C}.Release|Any CPU.ActiveCfg = Release|Any CPU
		{4E39A34C-E9C3-4222-A2A6-C38BAA58A25C}.Release|Any CPU.Build.0 = Release|Any CPU
	EndGlobalSection
	GlobalSection(SolutionProperties) = preSolution
		HideSolutionNode = FALSE
	EndGlobalSection
	GlobalSection(ExtensibilityGlobals) = postSolution
		SolutionGuid = {2056CA2E-618A-4680-9AA0-888B4A3CC4DB}
	EndGlobalSection
EndGlobal
