
Microsoft Visual Studio Solution File, Format Version 12.00
# Visual Studio Version 16
VisualStudioVersion = 16.0.31424.327
MinimumVisualStudioVersion = 10.0.40219.1
Project("{FAE04EC0-301F-11D3-BF4B-00C04F79EFBC}") = "week05", "week05\week05.csproj", "{B9A1C90B-FDD1-463D-86D6-FEB3921D36D4}"
EndProject
Global
	GlobalSection(SolutionConfigurationPlatforms) = preSolution
		Debug|Any CPU = Debug|Any CPU
		Release|Any CPU = Release|Any CPU
	EndGlobalSection
	GlobalSection(ProjectConfigurationPlatforms) = postSolution
		{B9A1C90B-FDD1-463D-86D6-FEB3921D36D4}.Debug|Any CPU.ActiveCfg = Debug|Any CPU
		{B9A1C90B-FDD1-463D-86D6-FEB3921D36D4}.Debug|Any CPU.Build.0 = Debug|Any CPU
		{B9A1C90B-FDD1-463D-86D6-FEB3921D36D4}.Release|Any CPU.ActiveCfg = Release|Any CPU
		{B9A1C90B-FDD1-463D-86D6-FEB3921D36D4}.Release|Any CPU.Build.0 = Release|Any CPU
	EndGlobalSection
	GlobalSection(SolutionProperties) = preSolution
		HideSolutionNode = FALSE
	EndGlobalSection
	GlobalSection(ExtensibilityGlobals) = postSolution
		SolutionGuid = {ABB81EF3-76F3-4FB5-9987-B50CA9B3428D}
	EndGlobalSection
EndGlobal
